
Microsoft Visual Studio Solution File, Format Version 12.00
# Visual Studio Version 17
VisualStudioVersion = 17.7.34031.279
MinimumVisualStudioVersion = 10.0.40219.1
Project("{FAE04EC0-301F-11D3-BF4B-00C04F79EFBC}") = "PetFormation-APIS", "PetFormation-APIS\PetFormation-APIS.csproj", "{FF3866BC-85DC-4081-BE39-918A3D2ABEA7}"
EndProject
Global
	GlobalSection(SolutionConfigurationPlatforms) = preSolution
		Debug|Any CPU = Debug|Any CPU
		Release|Any CPU = Release|Any CPU
	EndGlobalSection
	GlobalSection(ProjectConfigurationPlatforms) = postSolution
		{FF3866BC-85DC-4081-BE39-918A3D2ABEA7}.Debug|Any CPU.ActiveCfg = Debug|Any CPU
		{FF3866BC-85DC-4081-BE39-918A3D2ABEA7}.Debug|Any CPU.Build.0 = Debug|Any CPU
		{FF3866BC-85DC-4081-BE39-918A3D2ABEA7}.Release|Any CPU.ActiveCfg = Release|Any CPU
		{FF3866BC-85DC-4081-BE39-918A3D2ABEA7}.Release|Any CPU.Build.0 = Release|Any CPU
	EndGlobalSection
	GlobalSection(SolutionProperties) = preSolution
		HideSolutionNode = FALSE
	EndGlobalSection
	GlobalSection(ExtensibilityGlobals) = postSolution
		SolutionGuid = {8F65E5E3-DC89-4315-BD9F-E1D6152ABF88}
	EndGlobalSection
EndGlobal
